
Microsoft Visual Studio Solution File, Format Version 12.00
# Visual Studio Version 17
VisualStudioVersion = 17.11.35222.181
MinimumVisualStudioVersion = 10.0.40219.1
Project("{8BC9CEB8-8B4A-11D0-8D11-00A0C91BC942}") = "Project5", "Project5.vcxproj", "{28164DD1-9983-4889-B05C-62643CEC32D7}"
EndProject
Global
	GlobalSection(SolutionConfigurationPlatforms) = preSolution
		Debug|x64 = Debug|x64
		Debug|x86 = Debug|x86
		Release|x64 = Release|x64
		Release|x86 = Release|x86
	EndGlobalSection
	GlobalSection(ProjectConfigurationPlatforms) = postSolution
		{28164DD1-9983-4889-B05C-62643CEC32D7}.Debug|x64.ActiveCfg = Debug|x64
		{28164DD1-9983-4889-B05C-62643CEC32D7}.Debug|x64.Build.0 = Debug|x64
		{28164DD1-9983-4889-B05C-62643CEC32D7}.Debug|x86.ActiveCfg = Debug|Win32
		{28164DD1-9983-4889-B05C-62643CEC32D7}.Debug|x86.Build.0 = Debug|Win32
		{28164DD1-9983-4889-B05C-62643CEC32D7}.Release|x64.ActiveCfg = Release|x64
		{28164DD1-9983-4889-B05C-62643CEC32D7}.Release|x64.Build.0 = Release|x64
		{28164DD1-9983-4889-B05C-62643CEC32D7}.Release|x86.ActiveCfg = Release|Win32
		{28164DD1-9983-4889-B05C-62643CEC32D7}.Release|x86.Build.0 = Release|Win32
	EndGlobalSection
	GlobalSection(SolutionProperties) = preSolution
		HideSolutionNode = FALSE
	EndGlobalSection
	GlobalSection(ExtensibilityGlobals) = postSolution
		SolutionGuid = {EB0EFAE1-45B0-4AF2-AF79-A044B7C50F41}
	EndGlobalSection
EndGlobal
